
Microsoft Visual Studio Solution File, Format Version 12.00
# Visual Studio Version 17
VisualStudioVersion = 17.2.32616.157
MinimumVisualStudioVersion = 10.0.40219.1
Project("{9A19103F-16F7-4668-BE54-9A1E7A4F7556}") = "AcmeCorpCustomerAPI", "AcmeCorpCustomerAPI\AcmeCorpCustomerAPI.csproj", "{B8FDA1EC-F808-479C-B87F-B1ED8E7A9301}"
EndProject
Project("{E53339B2-1760-4266-BCC7-CA923CBCF16C}") = "docker-compose", "docker-compose.dcproj", "{A0E969FC-125B-4BCD-A5B9-00E4624FF77A}"
EndProject
Project("{FAE04EC0-301F-11D3-BF4B-00C04F79EFBC}") = "AcmeCorpCustomerAPI.Test", "..\AcmeCorpCustomerAPI.Test\AcmeCorpCustomerAPI.Test.csproj", "{8C3E4AD2-087C-4DE2-9A14-29CBFB3B3C28}"
EndProject
Global
	GlobalSection(SolutionConfigurationPlatforms) = preSolution
		Debug|Any CPU = Debug|Any CPU
		Release|Any CPU = Release|Any CPU
	EndGlobalSection
	GlobalSection(ProjectConfigurationPlatforms) = postSolution
		{B8FDA1EC-F808-479C-B87F-B1ED8E7A9301}.Debug|Any CPU.ActiveCfg = Debug|Any CPU
		{B8FDA1EC-F808-479C-B87F-B1ED8E7A9301}.Debug|Any CPU.Build.0 = Debug|Any CPU
		{B8FDA1EC-F808-479C-B87F-B1ED8E7A9301}.Release|Any CPU.ActiveCfg = Release|Any CPU
		{B8FDA1EC-F808-479C-B87F-B1ED8E7A9301}.Release|Any CPU.Build.0 = Release|Any CPU
		{A0E969FC-125B-4BCD-A5B9-00E4624FF77A}.Debug|Any CPU.ActiveCfg = Debug|Any CPU
		{A0E969FC-125B-4BCD-A5B9-00E4624FF77A}.Debug|Any CPU.Build.0 = Debug|Any CPU
		{A0E969FC-125B-4BCD-A5B9-00E4624FF77A}.Release|Any CPU.ActiveCfg = Release|Any CPU
		{A0E969FC-125B-4BCD-A5B9-00E4624FF77A}.Release|Any CPU.Build.0 = Release|Any CPU
		{8C3E4AD2-087C-4DE2-9A14-29CBFB3B3C28}.Debug|Any CPU.ActiveCfg = Debug|Any CPU
		{8C3E4AD2-087C-4DE2-9A14-29CBFB3B3C28}.Debug|Any CPU.Build.0 = Debug|Any CPU
		{8C3E4AD2-087C-4DE2-9A14-29CBFB3B3C28}.Release|Any CPU.ActiveCfg = Release|Any CPU
		{8C3E4AD2-087C-4DE2-9A14-29CBFB3B3C28}.Release|Any CPU.Build.0 = Release|Any CPU
	EndGlobalSection
	GlobalSection(SolutionProperties) = preSolution
		HideSolutionNode = FALSE
	EndGlobalSection
	GlobalSection(ExtensibilityGlobals) = postSolution
		SolutionGuid = {6F92DC35-5B41-4395-A2C7-2BA5DB92E7ED}
	EndGlobalSection
EndGlobal
